github.com/oracle/oci-go-sdk v24.3.0+incompatible h1:x4mcfb4agelf1O4/1/auGlZ1lr97jXRSSN5MxTgG/zU=
github.com/oracle/oci-go-sdk v24.3.0+incompatible/go.mod h1:VQb79nF8Z2cwLkLS35ukwStZIg5F66tcBccjip/j888=
gopkg.in/yaml.v3 v3.0.1 h1:fxVm/GzAzEWqLHuvctI91KS9hhNmmWOoWu0XTYJS7CA=
gopkg.in/yaml.v3 v3.0.1/go.mod h1:K4uyk7z7BCEPqu6E+C64Yfv1cQ7kz7rIZviUmN+EgEM=
